
Microsoft Visual Studio Solution File, Format Version 12.00
# Visual Studio Version 16
VisualStudioVersion = 16.0.30011.22
MinimumVisualStudioVersion = 10.0.40219.1
Project("{8BC9CEB8-8B4A-11D0-8D11-00A0C91BC942}") = "14 лабораторная", "14 лабораторная.vcxproj", "{51E89B74-1AF9-4966-9502-07A671F04ECB}"
EndProject
Global
	GlobalSection(SolutionConfigurationPlatforms) = preSolution
		Debug|x64 = Debug|x64
		Debug|x86 = Debug|x86
		Release|x64 = Release|x64
		Release|x86 = Release|x86
	EndGlobalSection
	GlobalSection(ProjectConfigurationPlatforms) = postSolution
		{51E89B74-1AF9-4966-9502-07A671F04ECB}.Debug|x64.ActiveCfg = Debug|x64
		{51E89B74-1AF9-4966-9502-07A671F04ECB}.Debug|x64.Build.0 = Debug|x64
		{51E89B74-1AF9-4966-9502-07A671F04ECB}.Debug|x86.ActiveCfg = Debug|Win32
		{51E89B74-1AF9-4966-9502-07A671F04ECB}.Debug|x86.Build.0 = Debug|Win32
		{51E89B74-1AF9-4966-9502-07A671F04ECB}.Release|x64.ActiveCfg = Release|x64
		{51E89B74-1AF9-4966-9502-07A671F04ECB}.Release|x64.Build.0 = Release|x64
		{51E89B74-1AF9-4966-9502-07A671F04ECB}.Release|x86.ActiveCfg = Release|Win32
		{51E89B74-1AF9-4966-9502-07A671F04ECB}.Release|x86.Build.0 = Release|Win32
	EndGlobalSection
	GlobalSection(SolutionProperties) = preSolution
		HideSolutionNode = FALSE
	EndGlobalSection
	GlobalSection(ExtensibilityGlobals) = postSolution
		SolutionGuid = {EBFC1EE1-A936-4F56-90BC-99D16D67D9D2}
	EndGlobalSection
EndGlobal
