
Microsoft Visual Studio Solution File, Format Version 12.00
# Visual Studio Version 16
VisualStudioVersion = 16.0.29806.167
MinimumVisualStudioVersion = 10.0.40219.1
Project("{8BC9CEB8-8B4A-11D0-8D11-00A0C91BC942}") = "LAB_14", "LAB_14.vcxproj", "{93CEC9D8-F7FE-4442-951F-450D973CE0B5}"
EndProject
Global
	GlobalSection(SolutionConfigurationPlatforms) = preSolution
		Debug|x64 = Debug|x64
		Debug|x86 = Debug|x86
		Release|x64 = Release|x64
		Release|x86 = Release|x86
	EndGlobalSection
	GlobalSection(ProjectConfigurationPlatforms) = postSolution
		{93CEC9D8-F7FE-4442-951F-450D973CE0B5}.Debug|x64.ActiveCfg = Debug|x64
		{93CEC9D8-F7FE-4442-951F-450D973CE0B5}.Debug|x64.Build.0 = Debug|x64
		{93CEC9D8-F7FE-4442-951F-450D973CE0B5}.Debug|x86.ActiveCfg = Debug|Win32
		{93CEC9D8-F7FE-4442-951F-450D973CE0B5}.Debug|x86.Build.0 = Debug|Win32
		{93CEC9D8-F7FE-4442-951F-450D973CE0B5}.Release|x64.ActiveCfg = Release|x64
		{93CEC9D8-F7FE-4442-951F-450D973CE0B5}.Release|x64.Build.0 = Release|x64
		{93CEC9D8-F7FE-4442-951F-450D973CE0B5}.Release|x86.ActiveCfg = Release|Win32
		{93CEC9D8-F7FE-4442-951F-450D973CE0B5}.Release|x86.Build.0 = Release|Win32
	EndGlobalSection
	GlobalSection(SolutionProperties) = preSolution
		HideSolutionNode = FALSE
	EndGlobalSection
	GlobalSection(ExtensibilityGlobals) = postSolution
		SolutionGuid = {835BF8ED-50BD-4CC3-B7A2-2026B3CD2AF3}
	EndGlobalSection
EndGlobal
